
Microsoft Visual Studio Solution File, Format Version 12.00
# Visual Studio Version 16
VisualStudioVersion = 16.0.30503.244
MinimumVisualStudioVersion = 10.0.40219.1
Project("{9A19103F-16F7-4668-BE54-9A1E7A4F7556}") = "methodsOverload", "methodsOverload\methodsOverload.csproj", "{BC5FE03F-3C2B-44B1-8A43-06855EF5C902}"
EndProject
Project("{9A19103F-16F7-4668-BE54-9A1E7A4F7556}") = "01_ConsolInpuOutput", "ConsolInpuOutput\01_ConsolInpuOutput.csproj", "{572B87CD-55B8-481D-AC1F-2025EABE35B9}"
EndProject
Project("{9A19103F-16F7-4668-BE54-9A1E7A4F7556}") = "Homework", "Homework\Homework.csproj", "{0BF891DE-AB0F-4AC7-878E-31BE9F984FED}"
EndProject
Project("{9A19103F-16F7-4668-BE54-9A1E7A4F7556}") = "04_Arrays", "Arrays\04_Arrays.csproj", "{60835772-06B3-4C40-8D1D-63675D333064}"
EndProject
Project("{9A19103F-16F7-4668-BE54-9A1E7A4F7556}") = "02_Methods", "Methods\02_Methods.csproj", "{963E8784-4A9F-45BD-9961-099D9D3EAABB}"
EndProject
Project("{9A19103F-16F7-4668-BE54-9A1E7A4F7556}") = "Enum", "Enum\Enum.csproj", "{89F9EF42-082A-4F01-B3A6-B73ED7F82A87}"
EndProject
Project("{9A19103F-16F7-4668-BE54-9A1E7A4F7556}") = "Corteg", "Corteg\Corteg.csproj", "{2D044BE1-C9FA-49F1-A14B-4E99263AC74A}"
EndProject
Project("{9A19103F-16F7-4668-BE54-9A1E7A4F7556}") = "Class", "Class\Class.csproj", "{BD2930F8-453B-46B9-905D-81E7C964C7EE}"
EndProject
Project("{9A19103F-16F7-4668-BE54-9A1E7A4F7556}") = "Struct", "Struct\Struct.csproj", "{1B1F8B89-0F74-4A97-B164-0CDA1A063962}"
EndProject
Project("{9A19103F-16F7-4668-BE54-9A1E7A4F7556}") = "NameSpace", "NameSpace\NameSpace.csproj", "{174C215F-7282-440B-B826-60C42886DCBA}"
EndProject
Project("{9A19103F-16F7-4668-BE54-9A1E7A4F7556}") = "03_MyLib", "MyLib\03_MyLib.csproj", "{CF32679E-06C8-4EF7-BFE2-968F2E7E3A2D}"
EndProject
Project("{9A19103F-16F7-4668-BE54-9A1E7A4F7556}") = "03_ProjectToTestTheLIb", "ProjectToTestTheLIb\03_ProjectToTestTheLIb.csproj", "{A0C3030D-761D-4AAE-8761-B689FD5DFE38}"
EndProject
Project("{9A19103F-16F7-4668-BE54-9A1E7A4F7556}") = "GetSet", "GetSet\GetSet.csproj", "{36664E9A-FE03-45CA-8B01-8570ECB64FE0}"
EndProject
Project("{9A19103F-16F7-4668-BE54-9A1E7A4F7556}") = "Static", "Static\Static.csproj", "{54BEC681-771E-4BEE-BF7E-D940C46D3B15}"
EndProject
Project("{9A19103F-16F7-4668-BE54-9A1E7A4F7556}") = "StaticAndMethods", "StaticAndMethods\StaticAndMethods.csproj", "{977A3988-6C32-4349-BEA8-D761900BA041}"
EndProject
Project("{9A19103F-16F7-4668-BE54-9A1E7A4F7556}") = "StaticConstructor", "StaticConstructor\StaticConstructor.csproj", "{957F78CE-ECFA-4E95-B9B7-ABA6BAC0D7E8}"
EndProject
Project("{9A19103F-16F7-4668-BE54-9A1E7A4F7556}") = "StaticClass", "StaticClass\StaticClass.csproj", "{F6AD1B1D-4A38-4519-B2EE-4567B81A691F}"
EndProject
Project("{9A19103F-16F7-4668-BE54-9A1E7A4F7556}") = "16_ExtensionMethods", "ExtensionMethods\16_ExtensionMethods.csproj", "{6090D87C-88CC-4738-8926-08AA60DA00B7}"
EndProject
Project("{9A19103F-16F7-4668-BE54-9A1E7A4F7556}") = "17_ExstensionMethods2", "ExstensionMethods2\17_ExstensionMethods2.csproj", "{1BF8CD33-CD70-4F54-89E4-64057A955FF0}"
EndProject
Project("{9A19103F-16F7-4668-BE54-9A1E7A4F7556}") = "18_Partioal", "18_Partioal\18_Partioal.csproj", "{6B3A61A6-B0BD-491C-BDFE-DD39C26E50B0}"
EndProject
Project("{9A19103F-16F7-4668-BE54-9A1E7A4F7556}") = "19_ConstVsReadonly", "19_ConstVsReadonly\19_ConstVsReadonly.csproj", "{2DEF18D3-E4F4-424D-9984-1635184A29FF}"
EndProject
Project("{9A19103F-16F7-4668-BE54-9A1E7A4F7556}") = "20_Legacy", "20_Legacy\20_Legacy.csproj", "{D0216935-BDE3-4559-B4A0-A23047FAF0B1}"
EndProject
Project("{9A19103F-16F7-4668-BE54-9A1E7A4F7556}") = "21_base", "21_base\21_base.csproj", "{45C96639-7529-4245-8A5B-E1EC24C1E03B}"
EndProject
Project("{9A19103F-16F7-4668-BE54-9A1E7A4F7556}") = "22_as_is", "22_as_is\22_as_is.csproj", "{B6EFEB78-3DFB-48BB-8BB3-1FC340D63021}"
EndProject
Project("{9A19103F-16F7-4668-BE54-9A1E7A4F7556}") = "ITrydifferentThings", "ITrydifferentThings\ITrydifferentThings.csproj", "{1DE64F82-AFE8-4F92-96A2-D10F0FD6B85F}"
EndProject
Project("{9A19103F-16F7-4668-BE54-9A1E7A4F7556}") = "31_operatorsOverload", "31_operatorsOverload\31_operatorsOverload.csproj", "{230AC0B3-EDCB-4C0C-AC97-35E80D89FE8D}"
EndProject
Project("{9A19103F-16F7-4668-BE54-9A1E7A4F7556}") = "32_Null", "32_Null\32_Null.csproj", "{00108309-62A5-47A4-8C0A-3C2A4016E569}"
EndProject
Project("{9A19103F-16F7-4668-BE54-9A1E7A4F7556}") = "33_Index", "33_Index\33_Index.csproj", "{D67EBA76-F202-4761-B53A-B5E59761A30C}"
EndProject
Project("{9A19103F-16F7-4668-BE54-9A1E7A4F7556}") = "34_Inheritance", "34_Inheritance\34_Inheritance.csproj", "{7B5448E9-0F71-4128-AEAA-C5DDD4B8BCA9}"
EndProject
Project("{9A19103F-16F7-4668-BE54-9A1E7A4F7556}") = "33.1_homework_index", "33.1_homework_index\33.1_homework_index.csproj", "{1890CF4D-FB0A-4E01-89C3-0EAB0ADEFA18}"
EndProject
Project("{9A19103F-16F7-4668-BE54-9A1E7A4F7556}") = "35_overload_implicit_excplicit", "35_overload_implicit_excplicit\35_overload_implicit_excplicit.csproj", "{2E7B7671-6E0C-4B63-8875-B762DE32F199}"
EndProject
Project("{9A19103F-16F7-4668-BE54-9A1E7A4F7556}") = "35_overload", "35_overload\35_overload.csproj", "{6486555A-6760-48E6-BB5F-39A0964C0AB2}"
EndProject
Project("{9A19103F-16F7-4668-BE54-9A1E7A4F7556}") = "36_VirtualMethodsAndProperties", "36_VirtualMethodsAndProperties\36_VirtualMethodsAndProperties.csproj", "{C7FFBE9C-9E10-4F9E-A464-49141699FD6A}"
EndProject
Project("{9A19103F-16F7-4668-BE54-9A1E7A4F7556}") = "37_HidingMethods", "37_HidingMethods\37_HidingMethods.csproj", "{52B4FB9C-7D93-46B7-B1F2-2A0D17BCADFE}"
EndProject
Project("{9A19103F-16F7-4668-BE54-9A1E7A4F7556}") = "38_AbstarctClass", "38_AbstarctClass\38_AbstarctClass.csproj", "{AC7869AF-A3FD-44B3-8DA8-2765ABFB1A61}"
EndProject
Project("{9A19103F-16F7-4668-BE54-9A1E7A4F7556}") = "39_systemObject", "39_systemObject\39_systemObject.csproj", "{3A46D86B-FCCE-44AE-A1E0-44FA89A78141}"
EndProject
Project("{9A19103F-16F7-4668-BE54-9A1E7A4F7556}") = "40_Generics", "40_Generics\40_Generics.csproj", "{ABF4ED52-75B0-4A46-B58B-9CE8BAE68925}"
EndProject
Project("{9A19103F-16F7-4668-BE54-9A1E7A4F7556}") = "40_Generics_homework", "40_Generics_homework\40_Generics_homework.csproj", "{2C103CC6-F539-4816-8206-7C2698B9696B}"
EndProject
Project("{9A19103F-16F7-4668-BE54-9A1E7A4F7556}") = "41_LimitGenerics", "41_LimitGenerics\41_LimitGenerics.csproj", "{2460EA27-D7E3-409E-B43D-79D0C1BCF3EE}"
EndProject
Project("{9A19103F-16F7-4668-BE54-9A1E7A4F7556}") = "42_InheritanceGenerics", "42_InheritanceGenerics\42_InheritanceGenerics.csproj", "{96F6AF53-AC0B-4A5D-86F9-DDDBBED4DE67}"
EndProject
Project("{9A19103F-16F7-4668-BE54-9A1E7A4F7556}") = "43_tryCatch", "43_tryCatch\43_tryCatch.csproj", "{3C6405AF-2EB6-41A8-A1B1-303C81EB46FA}"
EndProject
Project("{9A19103F-16F7-4668-BE54-9A1E7A4F7556}") = "44_catchDefinition", "44_catchDefinition\44_catchDefinition.csproj", "{FBCD82C5-66A9-4D45-B489-E7CB923B00C6}"
EndProject
Project("{9A19103F-16F7-4668-BE54-9A1E7A4F7556}") = "45_classException", "45_classException\45_classException.csproj", "{F3F7E399-E834-4C44-99DF-97A79D5A8D4F}"
EndProject
Project("{9A19103F-16F7-4668-BE54-9A1E7A4F7556}") = "46_createException", "46_createException\46_createException.csproj", "{3D2C8AF1-E3BC-44FA-A84F-3EE3ADD4BB05}"
EndProject
Project("{9A19103F-16F7-4668-BE54-9A1E7A4F7556}") = "47_throw", "47_throw\47_throw.csproj", "{EE00DE55-FBD7-4A8D-8339-BC751AC7BB05}"
EndProject
Project("{9A19103F-16F7-4668-BE54-9A1E7A4F7556}") = "48_delegate", "48_delegate\48_delegate.csproj", "{04356FB5-D5A6-4D4F-B5C3-1AB3B42F3563}"
EndProject
Project("{9A19103F-16F7-4668-BE54-9A1E7A4F7556}") = "48_delegateHomework", "48_delegateHomework\48_delegateHomework.csproj", "{B6785F6D-12B8-4B24-971F-8CE3ECA70767}"
EndProject
Project("{9A19103F-16F7-4668-BE54-9A1E7A4F7556}") = "49_AnonymousMethod", "49_AnonymousMethod\49_AnonymousMethod.csproj", "{9B037501-ABBB-4424-806F-74A5EED94D2A}"
EndProject
Project("{9A19103F-16F7-4668-BE54-9A1E7A4F7556}") = "50_Lambda", "50_Lambda\50_Lambda.csproj", "{A38A8BAE-EF43-4A42-BEC7-A6142D87EE19}"
EndProject
Project("{9A19103F-16F7-4668-BE54-9A1E7A4F7556}") = "51_Event", "51_Event\51_Event.csproj", "{6556CA9A-F4AC-4873-84C8-0FC9998C749F}"
EndProject
Project("{9A19103F-16F7-4668-BE54-9A1E7A4F7556}") = "52_interface", "52_interface\52_interface.csproj", "{3ED8DD9C-DC62-4459-8280-C68D64877F8E}"
EndProject
Project("{9A19103F-16F7-4668-BE54-9A1E7A4F7556}") = "53_interface", "53_interface\53_interface.csproj", "{12EF6CDA-BB45-4CDD-A20D-3D1E2545C702}"
EndProject
Project("{9A19103F-16F7-4668-BE54-9A1E7A4F7556}") = "54_interface_excplicit", "54_interface_excplicit\54_interface_excplicit.csproj", "{0D724D14-AA41-4DC1-8BE7-51E8EBEE0DD6}"
EndProject
Project("{9A19103F-16F7-4668-BE54-9A1E7A4F7556}") = "55_interface_excplicit", "55_interface_excplicit\55_interface_excplicit.csproj", "{E2DABD1B-BDC3-4FCE-9ED6-22C290DB9968}"
EndProject
Project("{9A19103F-16F7-4668-BE54-9A1E7A4F7556}") = "56_interface", "56_interface\56_interface.csproj", "{D4F7E4F9-874C-4FB6-9161-758B055A035E}"
EndProject
Project("{9A19103F-16F7-4668-BE54-9A1E7A4F7556}") = "57_interface_inheritance", "57_interface_inheritance\57_interface_inheritance.csproj", "{2FED67EC-FECD-4593-A9FE-4059F9369174}"
EndProject
Project("{9A19103F-16F7-4668-BE54-9A1E7A4F7556}") = "58_interface_generic", "58_interface_generic\58_interface_generic.csproj", "{FB6E1123-1F84-4FAB-A785-BFDA8A894CBB}"
EndProject
Project("{9A19103F-16F7-4668-BE54-9A1E7A4F7556}") = "59_interface_generic", "59_interface_generic\59_interface_generic.csproj", "{3D117C71-75E2-47D1-BF2E-849269E04BDF}"
EndProject
Project("{9A19103F-16F7-4668-BE54-9A1E7A4F7556}") = "59_interface_clone", "59_interface_clone\59_interface_clone.csproj", "{46EB66A4-6424-4287-9105-C96B8DC856D3}"
EndProject
Project("{9A19103F-16F7-4668-BE54-9A1E7A4F7556}") = "60_AnonimType", "60_AnonimType\60_AnonimType.csproj", "{847F05DB-7A1A-4D72-814D-151239C9FF96}"
EndProject
Project("{9A19103F-16F7-4668-BE54-9A1E7A4F7556}") = "61_LocalFunction", "61_LocalFunction\61_LocalFunction.csproj", "{AFB439C2-424D-4EC2-B588-44F342AA6DF8}"
EndProject
Project("{9A19103F-16F7-4668-BE54-9A1E7A4F7556}") = "62_Deconstructro", "62_Deconstructro\62_Deconstructro.csproj", "{104B226A-E7CA-4D00-BCAB-9DD74E9669DD}"
EndProject
Project("{9A19103F-16F7-4668-BE54-9A1E7A4F7556}") = "63_Switch", "63_Switch\63_Switch.csproj", "{3B3A3989-9316-46ED-A002-17CFF82AF31A}"
EndProject
Project("{9A19103F-16F7-4668-BE54-9A1E7A4F7556}") = "64_NullableType", "64_NullableType\64_NullableType.csproj", "{AB17C852-E4FF-495E-8627-32D54FD07ED4}"
EndProject
Project("{9A19103F-16F7-4668-BE54-9A1E7A4F7556}") = "65_refReturn", "65_refReturn\65_refReturn.csproj", "{EE6D9272-8086-4E1F-91AE-DA7080F867FA}"
EndProject
Project("{9A19103F-16F7-4668-BE54-9A1E7A4F7556}") = "BankApplication", "BankApplication\BankApplication.csproj", "{100003E8-457F-4B13-9572-5FFFFADB9DA7}"
EndProject
Project("{9A19103F-16F7-4668-BE54-9A1E7A4F7556}") = "BankLibrary", "BankLibrary\BankLibrary.csproj", "{D29E5E2C-93C2-41CE-9FB0-1FAAC99B43C7}"
EndProject
Project("{9A19103F-16F7-4668-BE54-9A1E7A4F7556}") = "66_arrayList", "66_arrayList\66_arrayList.csproj", "{6C28A46A-04AB-4ADB-B617-565568754FBA}"
EndProject
Project("{9A19103F-16F7-4668-BE54-9A1E7A4F7556}") = "Algorithm", "Algorithm\Algorithm.csproj", "{3D7C3486-5190-4D66-A3CB-2134B8306D2D}"
EndProject
Project("{9A19103F-16F7-4668-BE54-9A1E7A4F7556}") = "67_LInkedList", "67_LInkedList\67_LInkedList.csproj", "{16135D53-ACF0-425B-92D7-50BD196004D7}"
EndProject
Project("{9A19103F-16F7-4668-BE54-9A1E7A4F7556}") = "68_List", "ConsoleApp1\68_List.csproj", "{45C99CD2-9676-4EB3-BDF3-23B3C4B60FDC}"
EndProject
Project("{9A19103F-16F7-4668-BE54-9A1E7A4F7556}") = "69_queue", "69_queue\69_queue.csproj", "{98C7FC36-89EE-4575-9EEC-6E20D066BEC6}"
EndProject
Project("{9A19103F-16F7-4668-BE54-9A1E7A4F7556}") = "70_Stack", "70_Stack\70_Stack.csproj", "{383A3F29-756D-4460-9490-67C285C94D22}"
EndProject
Project("{9A19103F-16F7-4668-BE54-9A1E7A4F7556}") = "71_Dictionary", "71_Dictionary\71_Dictionary.csproj", "{E164066E-9176-4EB6-A8E8-68FDA0D45CD0}"
EndProject
Project("{9A19103F-16F7-4668-BE54-9A1E7A4F7556}") = "72_String", "72_String\72_String.csproj", "{2ECD945A-D17A-4975-9454-DC045BD99C4F}"
EndProject
Project("{9A19103F-16F7-4668-BE54-9A1E7A4F7556}") = "73_overflow", "73_overflow\73_overflow.csproj", "{BAE19BDE-6096-4017-A080-91F2BFDEB471}"
EndProject
Project("{9A19103F-16F7-4668-BE54-9A1E7A4F7556}") = "74_emptyString", "74_emptyString\74_emptyString.csproj", "{B3E09E9E-5901-4A9C-AEDB-6C829F2DF3C4}"
EndProject
Project("{9A19103F-16F7-4668-BE54-9A1E7A4F7556}") = "76_changeString", "76_changeString\76_changeString.csproj", "{4C69B5AA-52C2-4296-9FEE-4D9FD2128CC9}"
EndProject
Project("{9A19103F-16F7-4668-BE54-9A1E7A4F7556}") = "75_stringBuilder", "75_stringBuilder\75_stringBuilder.csproj", "{D482AB9E-F8F5-475D-8F29-A8881A2FD76B}"
EndProject
Project("{9A19103F-16F7-4668-BE54-9A1E7A4F7556}") = "77_FormatString", "77_FormatString\77_FormatString.csproj", "{9269FA19-E33D-4B5F-85DB-8DF434C4F4C6}"
EndProject
Project("{9A19103F-16F7-4668-BE54-9A1E7A4F7556}") = "78_ComparedString", "78_ComparedString\78_ComparedString.csproj", "{85E38D67-DBC7-47E1-97C8-1D310EBE2E8D}"
EndProject
Project("{9A19103F-16F7-4668-BE54-9A1E7A4F7556}") = "79_objects", "79_objects\79_objects.csproj", "{6A5EED22-D981-4464-932B-246A8F2C4301}"
EndProject
Project("{9A19103F-16F7-4668-BE54-9A1E7A4F7556}") = "80_Array", "80_Array\80_Array.csproj", "{1E75B812-E2AC-4167-915B-0626B4679714}"
EndProject
Project("{9A19103F-16F7-4668-BE54-9A1E7A4F7556}") = "81_List", "81_List\81_List.csproj", "{ED71138D-6344-4BA1-9594-4766D4FCBB64}"
EndProject
Project("{9A19103F-16F7-4668-BE54-9A1E7A4F7556}") = "82_Stack", "82_Stack\82_Stack.csproj", "{46CB7372-BA11-48A0-AF6B-87FD2DFF5F0C}"
EndProject
Project("{9A19103F-16F7-4668-BE54-9A1E7A4F7556}") = "83_GarbgeCollector", "83_GarbgeCollector\83_GarbgeCollector.csproj", "{D5109B4F-8C65-4B77-A993-532D9CAFD0E9}"
EndProject
Project("{9A19103F-16F7-4668-BE54-9A1E7A4F7556}") = "84_delegateAndEvent", "84_delegateAndEvent\84_delegateAndEvent.csproj", "{11D759D9-9FDF-4BD0-8801-C0113096A6A3}"
EndProject
Project("{9A19103F-16F7-4668-BE54-9A1E7A4F7556}") = "85_Linq_lambda", "85_Linq_lambda\85_Linq_lambda.csproj", "{9D260ADE-1A78-4B00-9149-D2AF4EE8995C}"
EndProject
Project("{9A19103F-16F7-4668-BE54-9A1E7A4F7556}") = "86_Linq", "86_Linq\86_Linq.csproj", "{2B9AFB10-33E6-4531-B4EE-2A600B865D8E}"
EndProject
Project("{9A19103F-16F7-4668-BE54-9A1E7A4F7556}") = "87_heap", "87_heap\87_heap.csproj", "{663D77AD-4E49-4B0A-9580-ED58B78B7D98}"
EndProject
Project("{9A19103F-16F7-4668-BE54-9A1E7A4F7556}") = "Test_Algorithm", "Test_Algorithm\Test_Algorithm.csproj", "{F113E91D-0519-48A6-BE8A-C1B2D51E2BE3}"
EndProject
Global
	GlobalSection(SolutionConfigurationPlatforms) = preSolution
		Debug|Any CPU = Debug|Any CPU
		Release|Any CPU = Release|Any CPU
	EndGlobalSection
	GlobalSection(ProjectConfigurationPlatforms) = postSolution
		{BC5FE03F-3C2B-44B1-8A43-06855EF5C902}.Debug|Any CPU.ActiveCfg = Debug|Any CPU
		{BC5FE03F-3C2B-44B1-8A43-06855EF5C902}.Debug|Any CPU.Build.0 = Debug|Any CPU
		{BC5FE03F-3C2B-44B1-8A43-06855EF5C902}.Release|Any CPU.ActiveCfg = Release|Any CPU
		{BC5FE03F-3C2B-44B1-8A43-06855EF5C902}.Release|Any CPU.Build.0 = Release|Any CPU
		{572B87CD-55B8-481D-AC1F-2025EABE35B9}.Debug|Any CPU.ActiveCfg = Debug|Any CPU
		{572B87CD-55B8-481D-AC1F-2025EABE35B9}.Debug|Any CPU.Build.0 = Debug|Any CPU
		{572B87CD-55B8-481D-AC1F-2025EABE35B9}.Release|Any CPU.ActiveCfg = Release|Any CPU
		{572B87CD-55B8-481D-AC1F-2025EABE35B9}.Release|Any CPU.Build.0 = Release|Any CPU
		{0BF891DE-AB0F-4AC7-878E-31BE9F984FED}.Debug|Any CPU.ActiveCfg = Debug|Any CPU
		{0BF891DE-AB0F-4AC7-878E-31BE9F984FED}.Debug|Any CPU.Build.0 = Debug|Any CPU
		{0BF891DE-AB0F-4AC7-878E-31BE9F984FED}.Release|Any CPU.ActiveCfg = Release|Any CPU
		{0BF891DE-AB0F-4AC7-878E-31BE9F984FED}.Release|Any CPU.Build.0 = Release|Any CPU
		{60835772-06B3-4C40-8D1D-63675D333064}.Debug|Any CPU.ActiveCfg = Debug|Any CPU
		{60835772-06B3-4C40-8D1D-63675D333064}.Debug|Any CPU.Build.0 = Debug|Any CPU
		{60835772-06B3-4C40-8D1D-63675D333064}.Release|Any CPU.ActiveCfg = Release|Any CPU
		{60835772-06B3-4C40-8D1D-63675D333064}.Release|Any CPU.Build.0 = Release|Any CPU
		{963E8784-4A9F-45BD-9961-099D9D3EAABB}.Debug|Any CPU.ActiveCfg = Debug|Any CPU
		{963E8784-4A9F-45BD-9961-099D9D3EAABB}.Debug|Any CPU.Build.0 = Debug|Any CPU
		{963E8784-4A9F-45BD-9961-099D9D3EAABB}.Release|Any CPU.ActiveCfg = Release|Any CPU
		{963E8784-4A9F-45BD-9961-099D9D3EAABB}.Release|Any CPU.Build.0 = Release|Any CPU
		{89F9EF42-082A-4F01-B3A6-B73ED7F82A87}.Debug|Any CPU.ActiveCfg = Debug|Any CPU
		{89F9EF42-082A-4F01-B3A6-B73ED7F82A87}.Debug|Any CPU.Build.0 = Debug|Any CPU
		{89F9EF42-082A-4F01-B3A6-B73ED7F82A87}.Release|Any CPU.ActiveCfg = Release|Any CPU
		{89F9EF42-082A-4F01-B3A6-B73ED7F82A87}.Release|Any CPU.Build.0 = Release|Any CPU
		{2D044BE1-C9FA-49F1-A14B-4E99263AC74A}.Debug|Any CPU.ActiveCfg = Debug|Any CPU
		{2D044BE1-C9FA-49F1-A14B-4E99263AC74A}.Debug|Any CPU.Build.0 = Debug|Any CPU
		{2D044BE1-C9FA-49F1-A14B-4E99263AC74A}.Release|Any CPU.ActiveCfg = Release|Any CPU
		{2D044BE1-C9FA-49F1-A14B-4E99263AC74A}.Release|Any CPU.Build.0 = Release|Any CPU
		{BD2930F8-453B-46B9-905D-81E7C964C7EE}.Debug|Any CPU.ActiveCfg = Debug|Any CPU
		{BD2930F8-453B-46B9-905D-81E7C964C7EE}.Debug|Any CPU.Build.0 = Debug|Any CPU
		{BD2930F8-453B-46B9-905D-81E7C964C7EE}.Release|Any CPU.ActiveCfg = Release|Any CPU
		{BD2930F8-453B-46B9-905D-81E7C964C7EE}.Release|Any CPU.Build.0 = Release|Any CPU
		{1B1F8B89-0F74-4A97-B164-0CDA1A063962}.Debug|Any CPU.ActiveCfg = Debug|Any CPU
		{1B1F8B89-0F74-4A97-B164-0CDA1A063962}.Debug|Any CPU.Build.0 = Debug|Any CPU
		{1B1F8B89-0F74-4A97-B164-0CDA1A063962}.Release|Any CPU.ActiveCfg = Release|Any CPU
		{1B1F8B89-0F74-4A97-B164-0CDA1A063962}.Release|Any CPU.Build.0 = Release|Any CPU
		{174C215F-7282-440B-B826-60C42886DCBA}.Debug|Any CPU.ActiveCfg = Debug|Any CPU
		{174C215F-7282-440B-B826-60C42886DCBA}.Debug|Any CPU.Build.0 = Debug|Any CPU
		{174C215F-7282-440B-B826-60C42886DCBA}.Release|Any CPU.ActiveCfg = Release|Any CPU
		{174C215F-7282-440B-B826-60C42886DCBA}.Release|Any CPU.Build.0 = Release|Any CPU
		{CF32679E-06C8-4EF7-BFE2-968F2E7E3A2D}.Debug|Any CPU.ActiveCfg = Debug|Any CPU
		{CF32679E-06C8-4EF7-BFE2-968F2E7E3A2D}.Debug|Any CPU.Build.0 = Debug|Any CPU
		{CF32679E-06C8-4EF7-BFE2-968F2E7E3A2D}.Release|Any CPU.ActiveCfg = Release|Any CPU
		{CF32679E-06C8-4EF7-BFE2-968F2E7E3A2D}.Release|Any CPU.Build.0 = Release|Any CPU
		{A0C3030D-761D-4AAE-8761-B689FD5DFE38}.Debug|Any CPU.ActiveCfg = Debug|Any CPU
		{A0C3030D-761D-4AAE-8761-B689FD5DFE38}.Debug|Any CPU.Build.0 = Debug|Any CPU
		{A0C3030D-761D-4AAE-8761-B689FD5DFE38}.Release|Any CPU.ActiveCfg = Release|Any CPU
		{A0C3030D-761D-4AAE-8761-B689FD5DFE38}.Release|Any CPU.Build.0 = Release|Any CPU
		{36664E9A-FE03-45CA-8B01-8570ECB64FE0}.Debug|Any CPU.ActiveCfg = Debug|Any CPU
		{36664E9A-FE03-45CA-8B01-8570ECB64FE0}.Debug|Any CPU.Build.0 = Debug|Any CPU
		{36664E9A-FE03-45CA-8B01-8570ECB64FE0}.Release|Any CPU.ActiveCfg = Release|Any CPU
		{36664E9A-FE03-45CA-8B01-8570ECB64FE0}.Release|Any CPU.Build.0 = Release|Any CPU
		{54BEC681-771E-4BEE-BF7E-D940C46D3B15}.Debug|Any CPU.ActiveCfg = Debug|Any CPU
		{54BEC681-771E-4BEE-BF7E-D940C46D3B15}.Debug|Any CPU.Build.0 = Debug|Any CPU
		{54BEC681-771E-4BEE-BF7E-D940C46D3B15}.Release|Any CPU.ActiveCfg = Release|Any CPU
		{54BEC681-771E-4BEE-BF7E-D940C46D3B15}.Release|Any CPU.Build.0 = Release|Any CPU
		{977A3988-6C32-4349-BEA8-D761900BA041}.Debug|Any CPU.ActiveCfg = Debug|Any CPU
		{977A3988-6C32-4349-BEA8-D761900BA041}.Debug|Any CPU.Build.0 = Debug|Any CPU
		{977A3988-6C32-4349-BEA8-D761900BA041}.Release|Any CPU.ActiveCfg = Release|Any CPU
		{977A3988-6C32-4349-BEA8-D761900BA041}.Release|Any CPU.Build.0 = Release|Any CPU
		{957F78CE-ECFA-4E95-B9B7-ABA6BAC0D7E8}.Debug|Any CPU.ActiveCfg = Debug|Any CPU
		{957F78CE-ECFA-4E95-B9B7-ABA6BAC0D7E8}.Debug|Any CPU.Build.0 = Debug|Any CPU
		{957F78CE-ECFA-4E95-B9B7-ABA6BAC0D7E8}.Release|Any CPU.ActiveCfg = Release|Any CPU
		{957F78CE-ECFA-4E95-B9B7-ABA6BAC0D7E8}.Release|Any CPU.Build.0 = Release|Any CPU
		{F6AD1B1D-4A38-4519-B2EE-4567B81A691F}.Debug|Any CPU.ActiveCfg = Debug|Any CPU
		{F6AD1B1D-4A38-4519-B2EE-4567B81A691F}.Debug|Any CPU.Build.0 = Debug|Any CPU
		{F6AD1B1D-4A38-4519-B2EE-4567B81A691F}.Release|Any CPU.ActiveCfg = Release|Any CPU
		{F6AD1B1D-4A38-4519-B2EE-4567B81A691F}.Release|Any CPU.Build.0 = Release|Any CPU
		{6090D87C-88CC-4738-8926-08AA60DA00B7}.Debug|Any CPU.ActiveCfg = Debug|Any CPU
		{6090D87C-88CC-4738-8926-08AA60DA00B7}.Debug|Any CPU.Build.0 = Debug|Any CPU
		{6090D87C-88CC-4738-8926-08AA60DA00B7}.Release|Any CPU.ActiveCfg = Release|Any CPU
		{6090D87C-88CC-4738-8926-08AA60DA00B7}.Release|Any CPU.Build.0 = Release|Any CPU
		{1BF8CD33-CD70-4F54-89E4-64057A955FF0}.Debug|Any CPU.ActiveCfg = Debug|Any CPU
		{1BF8CD33-CD70-4F54-89E4-64057A955FF0}.Debug|Any CPU.Build.0 = Debug|Any CPU
		{1BF8CD33-CD70-4F54-89E4-64057A955FF0}.Release|Any CPU.ActiveCfg = Release|Any CPU
		{1BF8CD33-CD70-4F54-89E4-64057A955FF0}.Release|Any CPU.Build.0 = Release|Any CPU
		{6B3A61A6-B0BD-491C-BDFE-DD39C26E50B0}.Debug|Any CPU.ActiveCfg = Debug|Any CPU
		{6B3A61A6-B0BD-491C-BDFE-DD39C26E50B0}.Debug|Any CPU.Build.0 = Debug|Any CPU
		{6B3A61A6-B0BD-491C-BDFE-DD39C26E50B0}.Release|Any CPU.ActiveCfg = Release|Any CPU
		{6B3A61A6-B0BD-491C-BDFE-DD39C26E50B0}.Release|Any CPU.Build.0 = Release|Any CPU
		{2DEF18D3-E4F4-424D-9984-1635184A29FF}.Debug|Any CPU.ActiveCfg = Debug|Any CPU
		{2DEF18D3-E4F4-424D-9984-1635184A29FF}.Debug|Any CPU.Build.0 = Debug|Any CPU
		{2DEF18D3-E4F4-424D-9984-1635184A29FF}.Release|Any CPU.ActiveCfg = Release|Any CPU
		{2DEF18D3-E4F4-424D-9984-1635184A29FF}.Release|Any CPU.Build.0 = Release|Any CPU
		{D0216935-BDE3-4559-B4A0-A23047FAF0B1}.Debug|Any CPU.ActiveCfg = Debug|Any CPU
		{D0216935-BDE3-4559-B4A0-A23047FAF0B1}.Debug|Any CPU.Build.0 = Debug|Any CPU
		{D0216935-BDE3-4559-B4A0-A23047FAF0B1}.Release|Any CPU.ActiveCfg = Release|Any CPU
		{D0216935-BDE3-4559-B4A0-A23047FAF0B1}.Release|Any CPU.Build.0 = Release|Any CPU
		{45C96639-7529-4245-8A5B-E1EC24C1E03B}.Debug|Any CPU.ActiveCfg = Debug|Any CPU
		{45C96639-7529-4245-8A5B-E1EC24C1E03B}.Debug|Any CPU.Build.0 = Debug|Any CPU
		{45C96639-7529-4245-8A5B-E1EC24C1E03B}.Release|Any CPU.ActiveCfg = Release|Any CPU
		{45C96639-7529-4245-8A5B-E1EC24C1E03B}.Release|Any CPU.Build.0 = Release|Any CPU
		{B6EFEB78-3DFB-48BB-8BB3-1FC340D63021}.Debug|Any CPU.ActiveCfg = Debug|Any CPU
		{B6EFEB78-3DFB-48BB-8BB3-1FC340D63021}.Debug|Any CPU.Build.0 = Debug|Any CPU
		{B6EFEB78-3DFB-48BB-8BB3-1FC340D63021}.Release|Any CPU.ActiveCfg = Release|Any CPU
		{B6EFEB78-3DFB-48BB-8BB3-1FC340D63021}.Release|Any CPU.Build.0 = Release|Any CPU
		{1DE64F82-AFE8-4F92-96A2-D10F0FD6B85F}.Debug|Any CPU.ActiveCfg = Debug|Any CPU
		{1DE64F82-AFE8-4F92-96A2-D10F0FD6B85F}.Debug|Any CPU.Build.0 = Debug|Any CPU
		{1DE64F82-AFE8-4F92-96A2-D10F0FD6B85F}.Release|Any CPU.ActiveCfg = Release|Any CPU
		{1DE64F82-AFE8-4F92-96A2-D10F0FD6B85F}.Release|Any CPU.Build.0 = Release|Any CPU
		{230AC0B3-EDCB-4C0C-AC97-35E80D89FE8D}.Debug|Any CPU.ActiveCfg = Debug|Any CPU
		{230AC0B3-EDCB-4C0C-AC97-35E80D89FE8D}.Debug|Any CPU.Build.0 = Debug|Any CPU
		{230AC0B3-EDCB-4C0C-AC97-35E80D89FE8D}.Release|Any CPU.ActiveCfg = Release|Any CPU
		{230AC0B3-EDCB-4C0C-AC97-35E80D89FE8D}.Release|Any CPU.Build.0 = Release|Any CPU
		{00108309-62A5-47A4-8C0A-3C2A4016E569}.Debug|Any CPU.ActiveCfg = Debug|Any CPU
		{00108309-62A5-47A4-8C0A-3C2A4016E569}.Debug|Any CPU.Build.0 = Debug|Any CPU
		{00108309-62A5-47A4-8C0A-3C2A4016E569}.Release|Any CPU.ActiveCfg = Release|Any CPU
		{00108309-62A5-47A4-8C0A-3C2A4016E569}.Release|Any CPU.Build.0 = Release|Any CPU
		{D67EBA76-F202-4761-B53A-B5E59761A30C}.Debug|Any CPU.ActiveCfg = Debug|Any CPU
		{D67EBA76-F202-4761-B53A-B5E59761A30C}.Debug|Any CPU.Build.0 = Debug|Any CPU
		{D67EBA76-F202-4761-B53A-B5E59761A30C}.Release|Any CPU.ActiveCfg = Release|Any CPU
		{D67EBA76-F202-4761-B53A-B5E59761A30C}.Release|Any CPU.Build.0 = Release|Any CPU
		{7B5448E9-0F71-4128-AEAA-C5DDD4B8BCA9}.Debug|Any CPU.ActiveCfg = Debug|Any CPU
		{7B5448E9-0F71-4128-AEAA-C5DDD4B8BCA9}.Debug|Any CPU.Build.0 = Debug|Any CPU
		{7B5448E9-0F71-4128-AEAA-C5DDD4B8BCA9}.Release|Any CPU.ActiveCfg = Release|Any CPU
		{7B5448E9-0F71-4128-AEAA-C5DDD4B8BCA9}.Release|Any CPU.Build.0 = Release|Any CPU
		{1890CF4D-FB0A-4E01-89C3-0EAB0ADEFA18}.Debug|Any CPU.ActiveCfg = Debug|Any CPU
		{1890CF4D-FB0A-4E01-89C3-0EAB0ADEFA18}.Debug|Any CPU.Build.0 = Debug|Any CPU
		{1890CF4D-FB0A-4E01-89C3-0EAB0ADEFA18}.Release|Any CPU.ActiveCfg = Release|Any CPU
		{1890CF4D-FB0A-4E01-89C3-0EAB0ADEFA18}.Release|Any CPU.Build.0 = Release|Any CPU
		{2E7B7671-6E0C-4B63-8875-B762DE32F199}.Debug|Any CPU.ActiveCfg = Debug|Any CPU
		{2E7B7671-6E0C-4B63-8875-B762DE32F199}.Debug|Any CPU.Build.0 = Debug|Any CPU
		{2E7B7671-6E0C-4B63-8875-B762DE32F199}.Release|Any CPU.ActiveCfg = Release|Any CPU
		{2E7B7671-6E0C-4B63-8875-B762DE32F199}.Release|Any CPU.Build.0 = Release|Any CPU
		{6486555A-6760-48E6-BB5F-39A0964C0AB2}.Debug|Any CPU.ActiveCfg = Debug|Any CPU
		{6486555A-6760-48E6-BB5F-39A0964C0AB2}.Debug|Any CPU.Build.0 = Debug|Any CPU
		{6486555A-6760-48E6-BB5F-39A0964C0AB2}.Release|Any CPU.ActiveCfg = Release|Any CPU
		{6486555A-6760-48E6-BB5F-39A0964C0AB2}.Release|Any CPU.Build.0 = Release|Any CPU
		{C7FFBE9C-9E10-4F9E-A464-49141699FD6A}.Debug|Any CPU.ActiveCfg = Debug|Any CPU
		{C7FFBE9C-9E10-4F9E-A464-49141699FD6A}.Debug|Any CPU.Build.0 = Debug|Any CPU
		{C7FFBE9C-9E10-4F9E-A464-49141699FD6A}.Release|Any CPU.ActiveCfg = Release|Any CPU
		{C7FFBE9C-9E10-4F9E-A464-49141699FD6A}.Release|Any CPU.Build.0 = Release|Any CPU
		{52B4FB9C-7D93-46B7-B1F2-2A0D17BCADFE}.Debug|Any CPU.ActiveCfg = Debug|Any CPU
		{52B4FB9C-7D93-46B7-B1F2-2A0D17BCADFE}.Debug|Any CPU.Build.0 = Debug|Any CPU
		{52B4FB9C-7D93-46B7-B1F2-2A0D17BCADFE}.Release|Any CPU.ActiveCfg = Release|Any CPU
		{52B4FB9C-7D93-46B7-B1F2-2A0D17BCADFE}.Release|Any CPU.Build.0 = Release|Any CPU
		{AC7869AF-A3FD-44B3-8DA8-2765ABFB1A61}.Debug|Any CPU.ActiveCfg = Debug|Any CPU
		{AC7869AF-A3FD-44B3-8DA8-2765ABFB1A61}.Debug|Any CPU.Build.0 = Debug|Any CPU
		{AC7869AF-A3FD-44B3-8DA8-2765ABFB1A61}.Release|Any CPU.ActiveCfg = Release|Any CPU
		{AC7869AF-A3FD-44B3-8DA8-2765ABFB1A61}.Release|Any CPU.Build.0 = Release|Any CPU
		{3A46D86B-FCCE-44AE-A1E0-44FA89A78141}.Debug|Any CPU.ActiveCfg = Debug|Any CPU
		{3A46D86B-FCCE-44AE-A1E0-44FA89A78141}.Debug|Any CPU.Build.0 = Debug|Any CPU
		{3A46D86B-FCCE-44AE-A1E0-44FA89A78141}.Release|Any CPU.ActiveCfg = Release|Any CPU
		{3A46D86B-FCCE-44AE-A1E0-44FA89A78141}.Release|Any CPU.Build.0 = Release|Any CPU
		{ABF4ED52-75B0-4A46-B58B-9CE8BAE68925}.Debug|Any CPU.ActiveCfg = Debug|Any CPU
		{ABF4ED52-75B0-4A46-B58B-9CE8BAE68925}.Debug|Any CPU.Build.0 = Debug|Any CPU
		{ABF4ED52-75B0-4A46-B58B-9CE8BAE68925}.Release|Any CPU.ActiveCfg = Release|Any CPU
		{ABF4ED52-75B0-4A46-B58B-9CE8BAE68925}.Release|Any CPU.Build.0 = Release|Any CPU
		{2C103CC6-F539-4816-8206-7C2698B9696B}.Debug|Any CPU.ActiveCfg = Debug|Any CPU
		{2C103CC6-F539-4816-8206-7C2698B9696B}.Debug|Any CPU.Build.0 = Debug|Any CPU
		{2C103CC6-F539-4816-8206-7C2698B9696B}.Release|Any CPU.ActiveCfg = Release|Any CPU
		{2C103CC6-F539-4816-8206-7C2698B9696B}.Release|Any CPU.Build.0 = Release|Any CPU
		{2460EA27-D7E3-409E-B43D-79D0C1BCF3EE}.Debug|Any CPU.ActiveCfg = Debug|Any CPU
		{2460EA27-D7E3-409E-B43D-79D0C1BCF3EE}.Debug|Any CPU.Build.0 = Debug|Any CPU
		{2460EA27-D7E3-409E-B43D-79D0C1BCF3EE}.Release|Any CPU.ActiveCfg = Release|Any CPU
		{2460EA27-D7E3-409E-B43D-79D0C1BCF3EE}.Release|Any CPU.Build.0 = Release|Any CPU
		{96F6AF53-AC0B-4A5D-86F9-DDDBBED4DE67}.Debug|Any CPU.ActiveCfg = Debug|Any CPU
		{96F6AF53-AC0B-4A5D-86F9-DDDBBED4DE67}.Debug|Any CPU.Build.0 = Debug|Any CPU
		{96F6AF53-AC0B-4A5D-86F9-DDDBBED4DE67}.Release|Any CPU.ActiveCfg = Release|Any CPU
		{96F6AF53-AC0B-4A5D-86F9-DDDBBED4DE67}.Release|Any CPU.Build.0 = Release|Any CPU
		{3C6405AF-2EB6-41A8-A1B1-303C81EB46FA}.Debug|Any CPU.ActiveCfg = Debug|Any CPU
		{3C6405AF-2EB6-41A8-A1B1-303C81EB46FA}.Debug|Any CPU.Build.0 = Debug|Any CPU
		{3C6405AF-2EB6-41A8-A1B1-303C81EB46FA}.Release|Any CPU.ActiveCfg = Release|Any CPU
		{3C6405AF-2EB6-41A8-A1B1-303C81EB46FA}.Release|Any CPU.Build.0 = Release|Any CPU
		{FBCD82C5-66A9-4D45-B489-E7CB923B00C6}.Debug|Any CPU.ActiveCfg = Debug|Any CPU
		{FBCD82C5-66A9-4D45-B489-E7CB923B00C6}.Debug|Any CPU.Build.0 = Debug|Any CPU
		{FBCD82C5-66A9-4D45-B489-E7CB923B00C6}.Release|Any CPU.ActiveCfg = Release|Any CPU
		{FBCD82C5-66A9-4D45-B489-E7CB923B00C6}.Release|Any CPU.Build.0 = Release|Any CPU
		{F3F7E399-E834-4C44-99DF-97A79D5A8D4F}.Debug|Any CPU.ActiveCfg = Debug|Any CPU
		{F3F7E399-E834-4C44-99DF-97A79D5A8D4F}.Debug|Any CPU.Build.0 = Debug|Any CPU
		{F3F7E399-E834-4C44-99DF-97A79D5A8D4F}.Release|Any CPU.ActiveCfg = Release|Any CPU
		{F3F7E399-E834-4C44-99DF-97A79D5A8D4F}.Release|Any CPU.Build.0 = Release|Any CPU
		{3D2C8AF1-E3BC-44FA-A84F-3EE3ADD4BB05}.Debug|Any CPU.ActiveCfg = Debug|Any CPU
		{3D2C8AF1-E3BC-44FA-A84F-3EE3ADD4BB05}.Debug|Any CPU.Build.0 = Debug|Any CPU
		{3D2C8AF1-E3BC-44FA-A84F-3EE3ADD4BB05}.Release|Any CPU.ActiveCfg = Release|Any CPU
		{3D2C8AF1-E3BC-44FA-A84F-3EE3ADD4BB05}.Release|Any CPU.Build.0 = Release|Any CPU
		{EE00DE55-FBD7-4A8D-8339-BC751AC7BB05}.Debug|Any CPU.ActiveCfg = Debug|Any CPU
		{EE00DE55-FBD7-4A8D-8339-BC751AC7BB05}.Debug|Any CPU.Build.0 = Debug|Any CPU
		{EE00DE55-FBD7-4A8D-8339-BC751AC7BB05}.Release|Any CPU.ActiveCfg = Release|Any CPU
		{EE00DE55-FBD7-4A8D-8339-BC751AC7BB05}.Release|Any CPU.Build.0 = Release|Any CPU
		{04356FB5-D5A6-4D4F-B5C3-1AB3B42F3563}.Debug|Any CPU.ActiveCfg = Debug|Any CPU
		{04356FB5-D5A6-4D4F-B5C3-1AB3B42F3563}.Debug|Any CPU.Build.0 = Debug|Any CPU
		{04356FB5-D5A6-4D4F-B5C3-1AB3B42F3563}.Release|Any CPU.ActiveCfg = Release|Any CPU
		{04356FB5-D5A6-4D4F-B5C3-1AB3B42F3563}.Release|Any CPU.Build.0 = Release|Any CPU
		{B6785F6D-12B8-4B24-971F-8CE3ECA70767}.Debug|Any CPU.ActiveCfg = Debug|Any CPU
		{B6785F6D-12B8-4B24-971F-8CE3ECA70767}.Debug|Any CPU.Build.0 = Debug|Any CPU
		{B6785F6D-12B8-4B24-971F-8CE3ECA70767}.Release|Any CPU.ActiveCfg = Release|Any CPU
		{B6785F6D-12B8-4B24-971F-8CE3ECA70767}.Release|Any CPU.Build.0 = Release|Any CPU
		{9B037501-ABBB-4424-806F-74A5EED94D2A}.Debug|Any CPU.ActiveCfg = Debug|Any CPU
		{9B037501-ABBB-4424-806F-74A5EED94D2A}.Debug|Any CPU.Build.0 = Debug|Any CPU
		{9B037501-ABBB-4424-806F-74A5EED94D2A}.Release|Any CPU.ActiveCfg = Release|Any CPU
		{9B037501-ABBB-4424-806F-74A5EED94D2A}.Release|Any CPU.Build.0 = Release|Any CPU
		{A38A8BAE-EF43-4A42-BEC7-A6142D87EE19}.Debug|Any CPU.ActiveCfg = Debug|Any CPU
		{A38A8BAE-EF43-4A42-BEC7-A6142D87EE19}.Debug|Any CPU.Build.0 = Debug|Any CPU
		{A38A8BAE-EF43-4A42-BEC7-A6142D87EE19}.Release|Any CPU.ActiveCfg = Release|Any CPU
		{A38A8BAE-EF43-4A42-BEC7-A6142D87EE19}.Release|Any CPU.Build.0 = Release|Any CPU
		{6556CA9A-F4AC-4873-84C8-0FC9998C749F}.Debug|Any CPU.ActiveCfg = Debug|Any CPU
		{6556CA9A-F4AC-4873-84C8-0FC9998C749F}.Debug|Any CPU.Build.0 = Debug|Any CPU
		{6556CA9A-F4AC-4873-84C8-0FC9998C749F}.Release|Any CPU.ActiveCfg = Release|Any CPU
		{6556CA9A-F4AC-4873-84C8-0FC9998C749F}.Release|Any CPU.Build.0 = Release|Any CPU
		{3ED8DD9C-DC62-4459-8280-C68D64877F8E}.Debug|Any CPU.ActiveCfg = Debug|Any CPU
		{3ED8DD9C-DC62-4459-8280-C68D64877F8E}.Debug|Any CPU.Build.0 = Debug|Any CPU
		{3ED8DD9C-DC62-4459-8280-C68D64877F8E}.Release|Any CPU.ActiveCfg = Release|Any CPU
		{3ED8DD9C-DC62-4459-8280-C68D64877F8E}.Release|Any CPU.Build.0 = Release|Any CPU
		{12EF6CDA-BB45-4CDD-A20D-3D1E2545C702}.Debug|Any CPU.ActiveCfg = Debug|Any CPU
		{12EF6CDA-BB45-4CDD-A20D-3D1E2545C702}.Debug|Any CPU.Build.0 = Debug|Any CPU
		{12EF6CDA-BB45-4CDD-A20D-3D1E2545C702}.Release|Any CPU.ActiveCfg = Release|Any CPU
		{12EF6CDA-BB45-4CDD-A20D-3D1E2545C702}.Release|Any CPU.Build.0 = Release|Any CPU
		{0D724D14-AA41-4DC1-8BE7-51E8EBEE0DD6}.Debug|Any CPU.ActiveCfg = Debug|Any CPU
		{0D724D14-AA41-4DC1-8BE7-51E8EBEE0DD6}.Debug|Any CPU.Build.0 = Debug|Any CPU
		{0D724D14-AA41-4DC1-8BE7-51E8EBEE0DD6}.Release|Any CPU.ActiveCfg = Release|Any CPU
		{0D724D14-AA41-4DC1-8BE7-51E8EBEE0DD6}.Release|Any CPU.Build.0 = Release|Any CPU
		{E2DABD1B-BDC3-4FCE-9ED6-22C290DB9968}.Debug|Any CPU.ActiveCfg = Debug|Any CPU
		{E2DABD1B-BDC3-4FCE-9ED6-22C290DB9968}.Debug|Any CPU.Build.0 = Debug|Any CPU
		{E2DABD1B-BDC3-4FCE-9ED6-22C290DB9968}.Release|Any CPU.ActiveCfg = Release|Any CPU
		{E2DABD1B-BDC3-4FCE-9ED6-22C290DB9968}.Release|Any CPU.Build.0 = Release|Any CPU
		{D4F7E4F9-874C-4FB6-9161-758B055A035E}.Debug|Any CPU.ActiveCfg = Debug|Any CPU
		{D4F7E4F9-874C-4FB6-9161-758B055A035E}.Debug|Any CPU.Build.0 = Debug|Any CPU
		{D4F7E4F9-874C-4FB6-9161-758B055A035E}.Release|Any CPU.ActiveCfg = Release|Any CPU
		{D4F7E4F9-874C-4FB6-9161-758B055A035E}.Release|Any CPU.Build.0 = Release|Any CPU
		{2FED67EC-FECD-4593-A9FE-4059F9369174}.Debug|Any CPU.ActiveCfg = Debug|Any CPU
		{2FED67EC-FECD-4593-A9FE-4059F9369174}.Debug|Any CPU.Build.0 = Debug|Any CPU
		{2FED67EC-FECD-4593-A9FE-4059F9369174}.Release|Any CPU.ActiveCfg = Release|Any CPU
		{2FED67EC-FECD-4593-A9FE-4059F9369174}.Release|Any CPU.Build.0 = Release|Any CPU
		{FB6E1123-1F84-4FAB-A785-BFDA8A894CBB}.Debug|Any CPU.ActiveCfg = Debug|Any CPU
		{FB6E1123-1F84-4FAB-A785-BFDA8A894CBB}.Debug|Any CPU.Build.0 = Debug|Any CPU
		{FB6E1123-1F84-4FAB-A785-BFDA8A894CBB}.Release|Any CPU.ActiveCfg = Release|Any CPU
		{FB6E1123-1F84-4FAB-A785-BFDA8A894CBB}.Release|Any CPU.Build.0 = Release|Any CPU
		{3D117C71-75E2-47D1-BF2E-849269E04BDF}.Debug|Any CPU.ActiveCfg = Debug|Any CPU
		{3D117C71-75E2-47D1-BF2E-849269E04BDF}.Debug|Any CPU.Build.0 = Debug|Any CPU
		{3D117C71-75E2-47D1-BF2E-849269E04BDF}.Release|Any CPU.ActiveCfg = Release|Any CPU
		{3D117C71-75E2-47D1-BF2E-849269E04BDF}.Release|Any CPU.Build.0 = Release|Any CPU
		{46EB66A4-6424-4287-9105-C96B8DC856D3}.Debug|Any CPU.ActiveCfg = Debug|Any CPU
		{46EB66A4-6424-4287-9105-C96B8DC856D3}.Debug|Any CPU.Build.0 = Debug|Any CPU
		{46EB66A4-6424-4287-9105-C96B8DC856D3}.Release|Any CPU.ActiveCfg = Release|Any CPU
		{46EB66A4-6424-4287-9105-C96B8DC856D3}.Release|Any CPU.Build.0 = Release|Any CPU
		{847F05DB-7A1A-4D72-814D-151239C9FF96}.Debug|Any CPU.ActiveCfg = Debug|Any CPU
		{847F05DB-7A1A-4D72-814D-151239C9FF96}.Debug|Any CPU.Build.0 = Debug|Any CPU
		{847F05DB-7A1A-4D72-814D-151239C9FF96}.Release|Any CPU.ActiveCfg = Release|Any CPU
		{847F05DB-7A1A-4D72-814D-151239C9FF96}.Release|Any CPU.Build.0 = Release|Any CPU
		{AFB439C2-424D-4EC2-B588-44F342AA6DF8}.Debug|Any CPU.ActiveCfg = Debug|Any CPU
		{AFB439C2-424D-4EC2-B588-44F342AA6DF8}.Debug|Any CPU.Build.0 = Debug|Any CPU
		{AFB439C2-424D-4EC2-B588-44F342AA6DF8}.Release|Any CPU.ActiveCfg = Release|Any CPU
		{AFB439C2-424D-4EC2-B588-44F342AA6DF8}.Release|Any CPU.Build.0 = Release|Any CPU
		{104B226A-E7CA-4D00-BCAB-9DD74E9669DD}.Debug|Any CPU.ActiveCfg = Debug|Any CPU
		{104B226A-E7CA-4D00-BCAB-9DD74E9669DD}.Debug|Any CPU.Build.0 = Debug|Any CPU
		{104B226A-E7CA-4D00-BCAB-9DD74E9669DD}.Release|Any CPU.ActiveCfg = Release|Any CPU
		{104B226A-E7CA-4D00-BCAB-9DD74E9669DD}.Release|Any CPU.Build.0 = Release|Any CPU
		{3B3A3989-9316-46ED-A002-17CFF82AF31A}.Debug|Any CPU.ActiveCfg = Debug|Any CPU
		{3B3A3989-9316-46ED-A002-17CFF82AF31A}.Debug|Any CPU.Build.0 = Debug|Any CPU
		{3B3A3989-9316-46ED-A002-17CFF82AF31A}.Release|Any CPU.ActiveCfg = Release|Any CPU
		{3B3A3989-9316-46ED-A002-17CFF82AF31A}.Release|Any CPU.Build.0 = Release|Any CPU
		{AB17C852-E4FF-495E-8627-32D54FD07ED4}.Debug|Any CPU.ActiveCfg = Debug|Any CPU
		{AB17C852-E4FF-495E-8627-32D54FD07ED4}.Debug|Any CPU.Build.0 = Debug|Any CPU
		{AB17C852-E4FF-495E-8627-32D54FD07ED4}.Release|Any CPU.ActiveCfg = Release|Any CPU
		{AB17C852-E4FF-495E-8627-32D54FD07ED4}.Release|Any CPU.Build.0 = Release|Any CPU
		{EE6D9272-8086-4E1F-91AE-DA7080F867FA}.Debug|Any CPU.ActiveCfg = Debug|Any CPU
		{EE6D9272-8086-4E1F-91AE-DA7080F867FA}.Debug|Any CPU.Build.0 = Debug|Any CPU
		{EE6D9272-8086-4E1F-91AE-DA7080F867FA}.Release|Any CPU.ActiveCfg = Release|Any CPU
		{EE6D9272-8086-4E1F-91AE-DA7080F867FA}.Release|Any CPU.Build.0 = Release|Any CPU
		{100003E8-457F-4B13-9572-5FFFFADB9DA7}.Debug|Any CPU.ActiveCfg = Debug|Any CPU
		{100003E8-457F-4B13-9572-5FFFFADB9DA7}.Debug|Any CPU.Build.0 = Debug|Any CPU
		{100003E8-457F-4B13-9572-5FFFFADB9DA7}.Release|Any CPU.ActiveCfg = Release|Any CPU
		{100003E8-457F-4B13-9572-5FFFFADB9DA7}.Release|Any CPU.Build.0 = Release|Any CPU
		{D29E5E2C-93C2-41CE-9FB0-1FAAC99B43C7}.Debug|Any CPU.ActiveCfg = Debug|Any CPU
		{D29E5E2C-93C2-41CE-9FB0-1FAAC99B43C7}.Debug|Any CPU.Build.0 = Debug|Any CPU
		{D29E5E2C-93C2-41CE-9FB0-1FAAC99B43C7}.Release|Any CPU.ActiveCfg = Release|Any CPU
		{D29E5E2C-93C2-41CE-9FB0-1FAAC99B43C7}.Release|Any CPU.Build.0 = Release|Any CPU
		{6C28A46A-04AB-4ADB-B617-565568754FBA}.Debug|Any CPU.ActiveCfg = Debug|Any CPU
		{6C28A46A-04AB-4ADB-B617-565568754FBA}.Debug|Any CPU.Build.0 = Debug|Any CPU
		{6C28A46A-04AB-4ADB-B617-565568754FBA}.Release|Any CPU.ActiveCfg = Release|Any CPU
		{6C28A46A-04AB-4ADB-B617-565568754FBA}.Release|Any CPU.Build.0 = Release|Any CPU
		{3D7C3486-5190-4D66-A3CB-2134B8306D2D}.Debug|Any CPU.ActiveCfg = Debug|Any CPU
		{3D7C3486-5190-4D66-A3CB-2134B8306D2D}.Debug|Any CPU.Build.0 = Debug|Any CPU
		{3D7C3486-5190-4D66-A3CB-2134B8306D2D}.Release|Any CPU.ActiveCfg = Release|Any CPU
		{3D7C3486-5190-4D66-A3CB-2134B8306D2D}.Release|Any CPU.Build.0 = Release|Any CPU
		{16135D53-ACF0-425B-92D7-50BD196004D7}.Debug|Any CPU.ActiveCfg = Debug|Any CPU
		{16135D53-ACF0-425B-92D7-50BD196004D7}.Debug|Any CPU.Build.0 = Debug|Any CPU
		{16135D53-ACF0-425B-92D7-50BD196004D7}.Release|Any CPU.ActiveCfg = Release|Any CPU
		{16135D53-ACF0-425B-92D7-50BD196004D7}.Release|Any CPU.Build.0 = Release|Any CPU
		{45C99CD2-9676-4EB3-BDF3-23B3C4B60FDC}.Debug|Any CPU.ActiveCfg = Debug|Any CPU
		{45C99CD2-9676-4EB3-BDF3-23B3C4B60FDC}.Debug|Any CPU.Build.0 = Debug|Any CPU
		{45C99CD2-9676-4EB3-BDF3-23B3C4B60FDC}.Release|Any CPU.ActiveCfg = Release|Any CPU
		{45C99CD2-9676-4EB3-BDF3-23B3C4B60FDC}.Release|Any CPU.Build.0 = Release|Any CPU
		{98C7FC36-89EE-4575-9EEC-6E20D066BEC6}.Debug|Any CPU.ActiveCfg = Debug|Any CPU
		{98C7FC36-89EE-4575-9EEC-6E20D066BEC6}.Debug|Any CPU.Build.0 = Debug|Any CPU
		{98C7FC36-89EE-4575-9EEC-6E20D066BEC6}.Release|Any CPU.ActiveCfg = Release|Any CPU
		{98C7FC36-89EE-4575-9EEC-6E20D066BEC6}.Release|Any CPU.Build.0 = Release|Any CPU
		{383A3F29-756D-4460-9490-67C285C94D22}.Debug|Any CPU.ActiveCfg = Debug|Any CPU
		{383A3F29-756D-4460-9490-67C285C94D22}.Debug|Any CPU.Build.0 = Debug|Any CPU
		{383A3F29-756D-4460-9490-67C285C94D22}.Release|Any CPU.ActiveCfg = Release|Any CPU
		{383A3F29-756D-4460-9490-67C285C94D22}.Release|Any CPU.Build.0 = Release|Any CPU
		{E164066E-9176-4EB6-A8E8-68FDA0D45CD0}.Debug|Any CPU.ActiveCfg = Debug|Any CPU
		{E164066E-9176-4EB6-A8E8-68FDA0D45CD0}.Debug|Any CPU.Build.0 = Debug|Any CPU
		{E164066E-9176-4EB6-A8E8-68FDA0D45CD0}.Release|Any CPU.ActiveCfg = Release|Any CPU
		{E164066E-9176-4EB6-A8E8-68FDA0D45CD0}.Release|Any CPU.Build.0 = Release|Any CPU
		{2ECD945A-D17A-4975-9454-DC045BD99C4F}.Debug|Any CPU.ActiveCfg = Debug|Any CPU
		{2ECD945A-D17A-4975-9454-DC045BD99C4F}.Debug|Any CPU.Build.0 = Debug|Any CPU
		{2ECD945A-D17A-4975-9454-DC045BD99C4F}.Release|Any CPU.ActiveCfg = Release|Any CPU
		{2ECD945A-D17A-4975-9454-DC045BD99C4F}.Release|Any CPU.Build.0 = Release|Any CPU
		{BAE19BDE-6096-4017-A080-91F2BFDEB471}.Debug|Any CPU.ActiveCfg = Debug|Any CPU
		{BAE19BDE-6096-4017-A080-91F2BFDEB471}.Debug|Any CPU.Build.0 = Debug|Any CPU
		{BAE19BDE-6096-4017-A080-91F2BFDEB471}.Release|Any CPU.ActiveCfg = Release|Any CPU
		{BAE19BDE-6096-4017-A080-91F2BFDEB471}.Release|Any CPU.Build.0 = Release|Any CPU
		{B3E09E9E-5901-4A9C-AEDB-6C829F2DF3C4}.Debug|Any CPU.ActiveCfg = Debug|Any CPU
		{B3E09E9E-5901-4A9C-AEDB-6C829F2DF3C4}.Debug|Any CPU.Build.0 = Debug|Any CPU
		{B3E09E9E-5901-4A9C-AEDB-6C829F2DF3C4}.Release|Any CPU.ActiveCfg = Release|Any CPU
		{B3E09E9E-5901-4A9C-AEDB-6C829F2DF3C4}.Release|Any CPU.Build.0 = Release|Any CPU
		{4C69B5AA-52C2-4296-9FEE-4D9FD2128CC9}.Debug|Any CPU.ActiveCfg = Debug|Any CPU
		{4C69B5AA-52C2-4296-9FEE-4D9FD2128CC9}.Debug|Any CPU.Build.0 = Debug|Any CPU
		{4C69B5AA-52C2-4296-9FEE-4D9FD2128CC9}.Release|Any CPU.ActiveCfg = Release|Any CPU
		{4C69B5AA-52C2-4296-9FEE-4D9FD2128CC9}.Release|Any CPU.Build.0 = Release|Any CPU
		{D482AB9E-F8F5-475D-8F29-A8881A2FD76B}.Debug|Any CPU.ActiveCfg = Debug|Any CPU
		{D482AB9E-F8F5-475D-8F29-A8881A2FD76B}.Debug|Any CPU.Build.0 = Debug|Any CPU
		{D482AB9E-F8F5-475D-8F29-A8881A2FD76B}.Release|Any CPU.ActiveCfg = Release|Any CPU
		{D482AB9E-F8F5-475D-8F29-A8881A2FD76B}.Release|Any CPU.Build.0 = Release|Any CPU
		{9269FA19-E33D-4B5F-85DB-8DF434C4F4C6}.Debug|Any CPU.ActiveCfg = Debug|Any CPU
		{9269FA19-E33D-4B5F-85DB-8DF434C4F4C6}.Debug|Any CPU.Build.0 = Debug|Any CPU
		{9269FA19-E33D-4B5F-85DB-8DF434C4F4C6}.Release|Any CPU.ActiveCfg = Release|Any CPU
		{9269FA19-E33D-4B5F-85DB-8DF434C4F4C6}.Release|Any CPU.Build.0 = Release|Any CPU
		{85E38D67-DBC7-47E1-97C8-1D310EBE2E8D}.Debug|Any CPU.ActiveCfg = Debug|Any CPU
		{85E38D67-DBC7-47E1-97C8-1D310EBE2E8D}.Debug|Any CPU.Build.0 = Debug|Any CPU
		{85E38D67-DBC7-47E1-97C8-1D310EBE2E8D}.Release|Any CPU.ActiveCfg = Release|Any CPU
		{85E38D67-DBC7-47E1-97C8-1D310EBE2E8D}.Release|Any CPU.Build.0 = Release|Any CPU
		{6A5EED22-D981-4464-932B-246A8F2C4301}.Debug|Any CPU.ActiveCfg = Debug|Any CPU
		{6A5EED22-D981-4464-932B-246A8F2C4301}.Debug|Any CPU.Build.0 = Debug|Any CPU
		{6A5EED22-D981-4464-932B-246A8F2C4301}.Release|Any CPU.ActiveCfg = Release|Any CPU
		{6A5EED22-D981-4464-932B-246A8F2C4301}.Release|Any CPU.Build.0 = Release|Any CPU
		{1E75B812-E2AC-4167-915B-0626B4679714}.Debug|Any CPU.ActiveCfg = Debug|Any CPU
		{1E75B812-E2AC-4167-915B-0626B4679714}.Debug|Any CPU.Build.0 = Debug|Any CPU
		{1E75B812-E2AC-4167-915B-0626B4679714}.Release|Any CPU.ActiveCfg = Release|Any CPU
		{1E75B812-E2AC-4167-915B-0626B4679714}.Release|Any CPU.Build.0 = Release|Any CPU
		{ED71138D-6344-4BA1-9594-4766D4FCBB64}.Debug|Any CPU.ActiveCfg = Debug|Any CPU
		{ED71138D-6344-4BA1-9594-4766D4FCBB64}.Debug|Any CPU.Build.0 = Debug|Any CPU
		{ED71138D-6344-4BA1-9594-4766D4FCBB64}.Release|Any CPU.ActiveCfg = Release|Any CPU
		{ED71138D-6344-4BA1-9594-4766D4FCBB64}.Release|Any CPU.Build.0 = Release|Any CPU
		{46CB7372-BA11-48A0-AF6B-87FD2DFF5F0C}.Debug|Any CPU.ActiveCfg = Debug|Any CPU
		{46CB7372-BA11-48A0-AF6B-87FD2DFF5F0C}.Debug|Any CPU.Build.0 = Debug|Any CPU
		{46CB7372-BA11-48A0-AF6B-87FD2DFF5F0C}.Release|Any CPU.ActiveCfg = Release|Any CPU
		{46CB7372-BA11-48A0-AF6B-87FD2DFF5F0C}.Release|Any CPU.Build.0 = Release|Any CPU
		{D5109B4F-8C65-4B77-A993-532D9CAFD0E9}.Debug|Any CPU.ActiveCfg = Debug|Any CPU
		{D5109B4F-8C65-4B77-A993-532D9CAFD0E9}.Debug|Any CPU.Build.0 = Debug|Any CPU
		{D5109B4F-8C65-4B77-A993-532D9CAFD0E9}.Release|Any CPU.ActiveCfg = Release|Any CPU
		{D5109B4F-8C65-4B77-A993-532D9CAFD0E9}.Release|Any CPU.Build.0 = Release|Any CPU
		{11D759D9-9FDF-4BD0-8801-C0113096A6A3}.Debug|Any CPU.ActiveCfg = Debug|Any CPU
		{11D759D9-9FDF-4BD0-8801-C0113096A6A3}.Debug|Any CPU.Build.0 = Debug|Any CPU
		{11D759D9-9FDF-4BD0-8801-C0113096A6A3}.Release|Any CPU.ActiveCfg = Release|Any CPU
		{11D759D9-9FDF-4BD0-8801-C0113096A6A3}.Release|Any CPU.Build.0 = Release|Any CPU
		{9D260ADE-1A78-4B00-9149-D2AF4EE8995C}.Debug|Any CPU.ActiveCfg = Debug|Any CPU
		{9D260ADE-1A78-4B00-9149-D2AF4EE8995C}.Debug|Any CPU.Build.0 = Debug|Any CPU
		{9D260ADE-1A78-4B00-9149-D2AF4EE8995C}.Release|Any CPU.ActiveCfg = Release|Any CPU
		{9D260ADE-1A78-4B00-9149-D2AF4EE8995C}.Release|Any CPU.Build.0 = Release|Any CPU
		{2B9AFB10-33E6-4531-B4EE-2A600B865D8E}.Debug|Any CPU.ActiveCfg = Debug|Any CPU
		{2B9AFB10-33E6-4531-B4EE-2A600B865D8E}.Debug|Any CPU.Build.0 = Debug|Any CPU
		{2B9AFB10-33E6-4531-B4EE-2A600B865D8E}.Release|Any CPU.ActiveCfg = Release|Any CPU
		{2B9AFB10-33E6-4531-B4EE-2A600B865D8E}.Release|Any CPU.Build.0 = Release|Any CPU
		{663D77AD-4E49-4B0A-9580-ED58B78B7D98}.Debug|Any CPU.ActiveCfg = Debug|Any CPU
		{663D77AD-4E49-4B0A-9580-ED58B78B7D98}.Debug|Any CPU.Build.0 = Debug|Any CPU
		{663D77AD-4E49-4B0A-9580-ED58B78B7D98}.Release|Any CPU.ActiveCfg = Release|Any CPU
		{663D77AD-4E49-4B0A-9580-ED58B78B7D98}.Release|Any CPU.Build.0 = Release|Any CPU
		{F113E91D-0519-48A6-BE8A-C1B2D51E2BE3}.Debug|Any CPU.ActiveCfg = Debug|Any CPU
		{F113E91D-0519-48A6-BE8A-C1B2D51E2BE3}.Debug|Any CPU.Build.0 = Debug|Any CPU
		{F113E91D-0519-48A6-BE8A-C1B2D51E2BE3}.Release|Any CPU.ActiveCfg = Release|Any CPU
		{F113E91D-0519-48A6-BE8A-C1B2D51E2BE3}.Release|Any CPU.Build.0 = Release|Any CPU
	EndGlobalSection
	GlobalSection(SolutionProperties) = preSolution
		HideSolutionNode = FALSE
	EndGlobalSection
	GlobalSection(ExtensibilityGlobals) = postSolution
		SolutionGuid = {9C558AB2-C8C8-4E0F-99D8-3618672EA13D}
	EndGlobalSection
EndGlobal
